
Microsoft Visual Studio Solution File, Format Version 12.00
# Visual Studio Version 16
VisualStudioVersion = 16.0.31410.357
MinimumVisualStudioVersion = 10.0.40219.1
Project("{9A19103F-16F7-4668-BE54-9A1E7A4F7556}") = "Zhaoxi.AirCompression", "Zhaoxi.AirCompression\Zhaoxi.AirCompression.csproj", "{6CA8E1E6-378B-4556-A751-BD52A5188566}"
EndProject
Project("{9A19103F-16F7-4668-BE54-9A1E7A4F7556}") = "Zhaoxi.AirCompression.Driver", "Zhaoxi.AirCompression.Driver\Zhaoxi.AirCompression.Driver.csproj", "{04B86B2B-582A-4426-BDCE-376CD039D113}"
EndProject
Project("{9A19103F-16F7-4668-BE54-9A1E7A4F7556}") = "Zhaoxi.Test", "Zhaoxi.Test\Zhaoxi.Test.csproj", "{333E21F5-FF7C-417A-973F-57762039799E}"
EndProject
Project("{FAE04EC0-301F-11D3-BF4B-00C04F79EFBC}") = "Zhaoxi.AirCompression.Service", "Zhaoxi.AirCompression.Service\Zhaoxi.AirCompression.Service.csproj", "{62F579E9-2E73-40AB-AAE8-320BB1EC7F4C}"
EndProject
Project("{FAE04EC0-301F-11D3-BF4B-00C04F79EFBC}") = "Zhaoxi.WebApi", "Zhaoxi.WebApi\Zhaoxi.WebApi.csproj", "{AF2200BE-DFAC-4760-A440-332FF03B4A43}"
EndProject
Global
	GlobalSection(SolutionConfigurationPlatforms) = preSolution
		Debug|Any CPU = Debug|Any CPU
		Release|Any CPU = Release|Any CPU
	EndGlobalSection
	GlobalSection(ProjectConfigurationPlatforms) = postSolution
		{6CA8E1E6-378B-4556-A751-BD52A5188566}.Debug|Any CPU.ActiveCfg = Debug|Any CPU
		{6CA8E1E6-378B-4556-A751-BD52A5188566}.Debug|Any CPU.Build.0 = Debug|Any CPU
		{6CA8E1E6-378B-4556-A751-BD52A5188566}.Release|Any CPU.ActiveCfg = Release|Any CPU
		{6CA8E1E6-378B-4556-A751-BD52A5188566}.Release|Any CPU.Build.0 = Release|Any CPU
		{04B86B2B-582A-4426-BDCE-376CD039D113}.Debug|Any CPU.ActiveCfg = Debug|Any CPU
		{04B86B2B-582A-4426-BDCE-376CD039D113}.Debug|Any CPU.Build.0 = Debug|Any CPU
		{04B86B2B-582A-4426-BDCE-376CD039D113}.Release|Any CPU.ActiveCfg = Release|Any CPU
		{04B86B2B-582A-4426-BDCE-376CD039D113}.Release|Any CPU.Build.0 = Release|Any CPU
		{333E21F5-FF7C-417A-973F-57762039799E}.Debug|Any CPU.ActiveCfg = Debug|Any CPU
		{333E21F5-FF7C-417A-973F-57762039799E}.Debug|Any CPU.Build.0 = Debug|Any CPU
		{333E21F5-FF7C-417A-973F-57762039799E}.Release|Any CPU.ActiveCfg = Release|Any CPU
		{333E21F5-FF7C-417A-973F-57762039799E}.Release|Any CPU.Build.0 = Release|Any CPU
		{62F579E9-2E73-40AB-AAE8-320BB1EC7F4C}.Debug|Any CPU.ActiveCfg = Debug|Any CPU
		{62F579E9-2E73-40AB-AAE8-320BB1EC7F4C}.Debug|Any CPU.Build.0 = Debug|Any CPU
		{62F579E9-2E73-40AB-AAE8-320BB1EC7F4C}.Release|Any CPU.ActiveCfg = Release|Any CPU
		{62F579E9-2E73-40AB-AAE8-320BB1EC7F4C}.Release|Any CPU.Build.0 = Release|Any CPU
		{AF2200BE-DFAC-4760-A440-332FF03B4A43}.Debug|Any CPU.ActiveCfg = Debug|Any CPU
		{AF2200BE-DFAC-4760-A440-332FF03B4A43}.Debug|Any CPU.Build.0 = Debug|Any CPU
		{AF2200BE-DFAC-4760-A440-332FF03B4A43}.Release|Any CPU.ActiveCfg = Release|Any CPU
		{AF2200BE-DFAC-4760-A440-332FF03B4A43}.Release|Any CPU.Build.0 = Release|Any CPU
	EndGlobalSection
	GlobalSection(SolutionProperties) = preSolution
		HideSolutionNode = FALSE
	EndGlobalSection
	GlobalSection(ExtensibilityGlobals) = postSolution
		SolutionGuid = {83CFA6EE-44C4-46AB-B20C-3C1D977367E3}
	EndGlobalSection
EndGlobal
